// !$*UTF8*$!
{
	archiveVersion = 1;
	classes = {
	};
	objectVersion = 46;
	objects = {

/* Begin PBXBuildFile section */
		A503B22A18D211BC000D7595 /* ARMGameServerCommunicator.m in Sources */ = {isa = PBXBuildFile; fileRef = A503B22918D211BB000D7595 /* ARMGameServerCommunicator.m */; };
		A52F6FAD18D1489500799EA4 /* ARMNetworkPlayer.m in Sources */ = {isa = PBXBuildFile; fileRef = A52F6FAC18D1489500799EA4 /* ARMNetworkPlayer.m */; };
		A533D7C718C7E91200EB42A8 /* face.png in CopyFiles */ = {isa = PBXBuildFile; fileRef = A59F852E18C7E221005EE662 /* face.png */; };
		A533D7C818C7E91200EB42A8 /* face2.png in CopyFiles */ = {isa = PBXBuildFile; fileRef = A59F852F18C7E221005EE662 /* face2.png */; };
		A533D7C918C7E91200EB42A8 /* face3.png in CopyFiles */ = {isa = PBXBuildFile; fileRef = A59F853018C7E221005EE662 /* face3.png */; };
		A533D7CA18C7E91200EB42A8 /* face4.png in CopyFiles */ = {isa = PBXBuildFile; fileRef = A59F853118C7E221005EE662 /* face4.png */; };
		A533D7CB18C7E91200EB42A8 /* LOGO.png in CopyFiles */ = {isa = PBXBuildFile; fileRef = A59F853218C7E221005EE662 /* LOGO.png */; };
		A54E40B918D64B5D00D343C2 /* ARMException.m in Sources */ = {isa = PBXBuildFile; fileRef = A54E40B818D64B5D00D343C2 /* ARMException.m */; };
		A5690A2418C514AF0090B5CA /* ARMPlayViewController.m in Sources */ = {isa = PBXBuildFile; fileRef = A5C5BA5B18C4E99B00435B10 /* ARMPlayViewController.m */; };
		A59F853318C7E221005EE662 /* face.png in Resources */ = {isa = PBXBuildFile; fileRef = A59F852E18C7E221005EE662 /* face.png */; };
		A59F853418C7E221005EE662 /* face2.png in Resources */ = {isa = PBXBuildFile; fileRef = A59F852F18C7E221005EE662 /* face2.png */; };
		A59F853518C7E221005EE662 /* face3.png in Resources */ = {isa = PBXBuildFile; fileRef = A59F853018C7E221005EE662 /* face3.png */; };
		A59F853618C7E221005EE662 /* face4.png in Resources */ = {isa = PBXBuildFile; fileRef = A59F853118C7E221005EE662 /* face4.png */; };
		A59F853718C7E221005EE662 /* LOGO.png in Resources */ = {isa = PBXBuildFile; fileRef = A59F853218C7E221005EE662 /* LOGO.png */; };
		A5C5BA2218C4E8E000435B10 /* Foundation.framework in Frameworks */ = {isa = PBXBuildFile; fileRef = A5C5BA2118C4E8E000435B10 /* Foundation.framework */; };
		A5C5BA2418C4E8E000435B10 /* CoreGraphics.framework in Frameworks */ = {isa = PBXBuildFile; fileRef = A5C5BA2318C4E8E000435B10 /* CoreGraphics.framework */; };
		A5C5BA2618C4E8E000435B10 /* UIKit.framework in Frameworks */ = {isa = PBXBuildFile; fileRef = A5C5BA2518C4E8E000435B10 /* UIKit.framework */; };
		A5C5BA2C18C4E8E000435B10 /* InfoPlist.strings in Resources */ = {isa = PBXBuildFile; fileRef = A5C5BA2A18C4E8E000435B10 /* InfoPlist.strings */; };
		A5C5BA2E18C4E8E000435B10 /* main.m in Sources */ = {isa = PBXBuildFile; fileRef = A5C5BA2D18C4E8E000435B10 /* main.m */; };
		A5C5BA3418C4E8E000435B10 /* Images.xcassets in Resources */ = {isa = PBXBuildFile; fileRef = A5C5BA3318C4E8E000435B10 /* Images.xcassets */; };
		A5C5BA3B18C4E8E000435B10 /* XCTest.framework in Frameworks */ = {isa = PBXBuildFile; fileRef = A5C5BA3A18C4E8E000435B10 /* XCTest.framework */; };
		A5C5BA3C18C4E8E000435B10 /* Foundation.framework in Frameworks */ = {isa = PBXBuildFile; fileRef = A5C5BA2118C4E8E000435B10 /* Foundation.framework */; };
		A5C5BA3D18C4E8E000435B10 /* UIKit.framework in Frameworks */ = {isa = PBXBuildFile; fileRef = A5C5BA2518C4E8E000435B10 /* UIKit.framework */; };
		A5C5BA4518C4E8E000435B10 /* InfoPlist.strings in Resources */ = {isa = PBXBuildFile; fileRef = A5C5BA4318C4E8E000435B10 /* InfoPlist.strings */; };
		A5C5BA4718C4E8E000435B10 /* ARMonopolyNativeCodeBaseTests.m in Sources */ = {isa = PBXBuildFile; fileRef = A5C5BA4618C4E8E000435B10 /* ARMonopolyNativeCodeBaseTests.m */; };
		A5C5BA6B18C4E99B00435B10 /* ARMBluetoothViewController.m in Sources */ = {isa = PBXBuildFile; fileRef = A5C5BA5318C4E99B00435B10 /* ARMBluetoothViewController.m */; };
		A5C5BA6C18C4E99B00435B10 /* ARMEditProfileViewController.m in Sources */ = {isa = PBXBuildFile; fileRef = A5C5BA5518C4E99B00435B10 /* ARMEditProfileViewController.m */; };
		A5C5BA6D18C4E99B00435B10 /* ARMNetworkViewController.m in Sources */ = {isa = PBXBuildFile; fileRef = A5C5BA5718C4E99B00435B10 /* ARMNetworkViewController.m */; };
		A5C5BA6E18C4E99B00435B10 /* ARMPlayerInfo.m in Sources */ = {isa = PBXBuildFile; fileRef = A5C5BA5918C4E99B00435B10 /* ARMPlayerInfo.m */; };
		A5C5BA7018C4E99B00435B10 /* ARMSettingsViewController.m in Sources */ = {isa = PBXBuildFile; fileRef = A5C5BA5D18C4E99B00435B10 /* ARMSettingsViewController.m */; };
		A5C5BA7118C4E99B00435B10 /* Main.storyboard in Resources */ = {isa = PBXBuildFile; fileRef = A5C5BA5F18C4E99B00435B10 /* Main.storyboard */; };
		A5C5BA7218C4E99B00435B10 /* installPlugin.sh in Resources */ = {isa = PBXBuildFile; fileRef = A5C5BA6118C4E99B00435B10 /* installPlugin.sh */; };
		A5C5BA7318C4E99B00435B10 /* ARMBluetoothManager.m in Sources */ = {isa = PBXBuildFile; fileRef = A5C5BA6318C4E99B00435B10 /* ARMBluetoothManager.m */; };
		A5C5BA7418C4E99B00435B10 /* LOGO.png in Resources */ = {isa = PBXBuildFile; fileRef = A5C5BA6418C4E99B00435B10 /* LOGO.png */; };
		A5C5BA7518C4E99B00435B10 /* Notes.txt in Resources */ = {isa = PBXBuildFile; fileRef = A5C5BA6518C4E99B00435B10 /* Notes.txt */; };
		A5C5BA7618C4E99B00435B10 /* TestAppDelegate.m in Sources */ = {isa = PBXBuildFile; fileRef = A5C5BA6718C4E99B00435B10 /* TestAppDelegate.m */; };
		A5F15B0918D3772F00271DD2 /* ARMGameSession.m in Sources */ = {isa = PBXBuildFile; fileRef = A5F15B0818D3772F00271DD2 /* ARMGameSession.m */; };
/* End PBXBuildFile section */

/* Begin PBXContainerItemProxy section */
		A5C5BA3E18C4E8E000435B10 /* PBXContainerItemProxy */ = {
			isa = PBXContainerItemProxy;
			containerPortal = A5C5BA1618C4E8E000435B10 /* Project object */;
			proxyType = 1;
			remoteGlobalIDString = A5C5BA1D18C4E8E000435B10;
			remoteInfo = ARMonopolyNativeCodeBase;
		};
/* End PBXContainerItemProxy section */

/* Begin PBXCopyFilesBuildPhase section */
		A533D7C618C7E90100EB42A8 /* CopyFiles */ = {
			isa = PBXCopyFilesBuildPhase;
			buildActionMask = 2147483647;
			dstPath = Documents;
			dstSubfolderSpec = 16;
			files = (
				A533D7C718C7E91200EB42A8 /* face.png in CopyFiles */,
				A533D7C818C7E91200EB42A8 /* face2.png in CopyFiles */,
				A533D7C918C7E91200EB42A8 /* face3.png in CopyFiles */,
				A533D7CA18C7E91200EB42A8 /* face4.png in CopyFiles */,
				A533D7CB18C7E91200EB42A8 /* LOGO.png in CopyFiles */,
			);
			runOnlyForDeploymentPostprocessing = 0;
		};
/* End PBXCopyFilesBuildPhase section */

/* Begin PBXFileReference section */
		A503B22818D211BB000D7595 /* ARMGameServerCommunicator.h */ = {isa = PBXFileReference; fileEncoding = 4; lastKnownFileType = sourcecode.c.h; path = ARMGameServerCommunicator.h; sourceTree = "<group>"; };
		A503B22918D211BB000D7595 /* ARMGameServerCommunicator.m */ = {isa = PBXFileReference; fileEncoding = 4; lastKnownFileType = sourcecode.c.objc; path = ARMGameServerCommunicator.m; sourceTree = "<group>"; };
		A52F6FAB18D1489500799EA4 /* ARMNetworkPlayer.h */ = {isa = PBXFileReference; fileEncoding = 4; lastKnownFileType = sourcecode.c.h; path = ARMNetworkPlayer.h; sourceTree = "<group>"; };
		A52F6FAC18D1489500799EA4 /* ARMNetworkPlayer.m */ = {isa = PBXFileReference; fileEncoding = 4; lastKnownFileType = sourcecode.c.objc; path = ARMNetworkPlayer.m; sourceTree = "<group>"; };
		A54E40B718D64B5D00D343C2 /* ARMException.h */ = {isa = PBXFileReference; fileEncoding = 4; lastKnownFileType = sourcecode.c.h; path = ARMException.h; sourceTree = "<group>"; };
		A54E40B818D64B5D00D343C2 /* ARMException.m */ = {isa = PBXFileReference; fileEncoding = 4; lastKnownFileType = sourcecode.c.objc; path = ARMException.m; sourceTree = "<group>"; };
		A59F852E18C7E221005EE662 /* face.png */ = {isa = PBXFileReference; lastKnownFileType = image.png; path = face.png; sourceTree = "<group>"; };
		A59F852F18C7E221005EE662 /* face2.png */ = {isa = PBXFileReference; lastKnownFileType = image.png; path = face2.png; sourceTree = "<group>"; };
		A59F853018C7E221005EE662 /* face3.png */ = {isa = PBXFileReference; lastKnownFileType = image.png; path = face3.png; sourceTree = "<group>"; };
		A59F853118C7E221005EE662 /* face4.png */ = {isa = PBXFileReference; lastKnownFileType = image.png; path = face4.png; sourceTree = "<group>"; };
		A59F853218C7E221005EE662 /* LOGO.png */ = {isa = PBXFileReference; lastKnownFileType = image.png; path = LOGO.png; sourceTree = "<group>"; };
		A5C5BA1E18C4E8E000435B10 /* ARMonopolyNativeCodeBase.app */ = {isa = PBXFileReference; explicitFileType = wrapper.application; includeInIndex = 0; path = ARMonopolyNativeCodeBase.app; sourceTree = BUILT_PRODUCTS_DIR; };
		A5C5BA2118C4E8E000435B10 /* Foundation.framework */ = {isa = PBXFileReference; lastKnownFileType = wrapper.framework; name = Foundation.framework; path = System/Library/Frameworks/Foundation.framework; sourceTree = SDKROOT; };
		A5C5BA2318C4E8E000435B10 /* CoreGraphics.framework */ = {isa = PBXFileReference; lastKnownFileType = wrapper.framework; name = CoreGraphics.framework; path = System/Library/Frameworks/CoreGraphics.framework; sourceTree = SDKROOT; };
		A5C5BA2518C4E8E000435B10 /* UIKit.framework */ = {isa = PBXFileReference; lastKnownFileType = wrapper.framework; name = UIKit.framework; path = System/Library/Frameworks/UIKit.framework; sourceTree = SDKROOT; };
		A5C5BA2918C4E8E000435B10 /* ARMonopolyNativeCodeBase-Info.plist */ = {isa = PBXFileReference; lastKnownFileType = text.plist.xml; path = "ARMonopolyNativeCodeBase-Info.plist"; sourceTree = "<group>"; };
		A5C5BA2B18C4E8E000435B10 /* en */ = {isa = PBXFileReference; lastKnownFileType = text.plist.strings; name = en; path = en.lproj/InfoPlist.strings; sourceTree = "<group>"; };
		A5C5BA2D18C4E8E000435B10 /* main.m */ = {isa = PBXFileReference; lastKnownFileType = sourcecode.c.objc; path = main.m; sourceTree = "<group>"; };
		A5C5BA2F18C4E8E000435B10 /* ARMonopolyNativeCodeBase-Prefix.pch */ = {isa = PBXFileReference; lastKnownFileType = sourcecode.c.h; path = "ARMonopolyNativeCodeBase-Prefix.pch"; sourceTree = "<group>"; };
		A5C5BA3318C4E8E000435B10 /* Images.xcassets */ = {isa = PBXFileReference; lastKnownFileType = folder.assetcatalog; path = Images.xcassets; sourceTree = "<group>"; };
		A5C5BA3918C4E8E000435B10 /* ARMonopolyNativeCodeBaseTests.xctest */ = {isa = PBXFileReference; explicitFileType = wrapper.cfbundle; includeInIndex = 0; path = ARMonopolyNativeCodeBaseTests.xctest; sourceTree = BUILT_PRODUCTS_DIR; };
		A5C5BA3A18C4E8E000435B10 /* XCTest.framework */ = {isa = PBXFileReference; lastKnownFileType = wrapper.framework; name = XCTest.framework; path = Library/Frameworks/XCTest.framework; sourceTree = DEVELOPER_DIR; };
		A5C5BA4218C4E8E000435B10 /* ARMonopolyNativeCodeBaseTests-Info.plist */ = {isa = PBXFileReference; lastKnownFileType = text.plist.xml; path = "ARMonopolyNativeCodeBaseTests-Info.plist"; sourceTree = "<group>"; };
		A5C5BA4418C4E8E000435B10 /* en */ = {isa = PBXFileReference; lastKnownFileType = text.plist.strings; name = en; path = en.lproj/InfoPlist.strings; sourceTree = "<group>"; };
		A5C5BA4618C4E8E000435B10 /* ARMonopolyNativeCodeBaseTests.m */ = {isa = PBXFileReference; lastKnownFileType = sourcecode.c.objc; path = ARMonopolyNativeCodeBaseTests.m; sourceTree = "<group>"; };
		A5C5BA5018C4E99B00435B10 /* ARMAppController.h */ = {isa = PBXFileReference; fileEncoding = 4; lastKnownFileType = sourcecode.c.h; path = ARMAppController.h; sourceTree = "<group>"; };
		A5C5BA5118C4E99B00435B10 /* ARMAppController.m */ = {isa = PBXFileReference; fileEncoding = 4; lastKnownFileType = sourcecode.c.objc; path = ARMAppController.m; sourceTree = "<group>"; };
		A5C5BA5218C4E99B00435B10 /* ARMBluetoothViewController.h */ = {isa = PBXFileReference; fileEncoding = 4; lastKnownFileType = sourcecode.c.h; path = ARMBluetoothViewController.h; sourceTree = "<group>"; };
		A5C5BA5318C4E99B00435B10 /* ARMBluetoothViewController.m */ = {isa = PBXFileReference; fileEncoding = 4; lastKnownFileType = sourcecode.c.objc; path = ARMBluetoothViewController.m; sourceTree = "<group>"; };
		A5C5BA5418C4E99B00435B10 /* ARMEditProfileViewController.h */ = {isa = PBXFileReference; fileEncoding = 4; lastKnownFileType = sourcecode.c.h; path = ARMEditProfileViewController.h; sourceTree = "<group>"; };
		A5C5BA5518C4E99B00435B10 /* ARMEditProfileViewController.m */ = {isa = PBXFileReference; fileEncoding = 4; lastKnownFileType = sourcecode.c.objc; path = ARMEditProfileViewController.m; sourceTree = "<group>"; };
		A5C5BA5618C4E99B00435B10 /* ARMNetworkViewController.h */ = {isa = PBXFileReference; fileEncoding = 4; lastKnownFileType = sourcecode.c.h; path = ARMNetworkViewController.h; sourceTree = "<group>"; };
		A5C5BA5718C4E99B00435B10 /* ARMNetworkViewController.m */ = {isa = PBXFileReference; fileEncoding = 4; lastKnownFileType = sourcecode.c.objc; path = ARMNetworkViewController.m; sourceTree = "<group>"; };
		A5C5BA5818C4E99B00435B10 /* ARMPlayerInfo.h */ = {isa = PBXFileReference; fileEncoding = 4; lastKnownFileType = sourcecode.c.h; path = ARMPlayerInfo.h; sourceTree = "<group>"; };
		A5C5BA5918C4E99B00435B10 /* ARMPlayerInfo.m */ = {isa = PBXFileReference; fileEncoding = 4; lastKnownFileType = sourcecode.c.objc; path = ARMPlayerInfo.m; sourceTree = "<group>"; };
		A5C5BA5A18C4E99B00435B10 /* ARMPlayViewController.h */ = {isa = PBXFileReference; fileEncoding = 4; lastKnownFileType = sourcecode.c.h; path = ARMPlayViewController.h; sourceTree = "<group>"; };
		A5C5BA5B18C4E99B00435B10 /* ARMPlayViewController.m */ = {isa = PBXFileReference; fileEncoding = 4; lastKnownFileType = sourcecode.c.objc; path = ARMPlayViewController.m; sourceTree = "<group>"; };
		A5C5BA5C18C4E99B00435B10 /* ARMSettingsViewController.h */ = {isa = PBXFileReference; fileEncoding = 4; lastKnownFileType = sourcecode.c.h; path = ARMSettingsViewController.h; sourceTree = "<group>"; };
		A5C5BA5D18C4E99B00435B10 /* ARMSettingsViewController.m */ = {isa = PBXFileReference; fileEncoding = 4; lastKnownFileType = sourcecode.c.objc; path = ARMSettingsViewController.m; sourceTree = "<group>"; };
		A5C5BA6018C4E99B00435B10 /* Base */ = {isa = PBXFileReference; lastKnownFileType = file.storyboard; name = Base; path = Main.storyboard; sourceTree = "<group>"; };
		A5C5BA6118C4E99B00435B10 /* installPlugin.sh */ = {isa = PBXFileReference; fileEncoding = 4; lastKnownFileType = text.script.sh; path = installPlugin.sh; sourceTree = "<group>"; };
		A5C5BA6218C4E99B00435B10 /* ARMBluetoothManager.h */ = {isa = PBXFileReference; fileEncoding = 4; lastKnownFileType = sourcecode.c.h; path = ARMBluetoothManager.h; sourceTree = "<group>"; };
		A5C5BA6318C4E99B00435B10 /* ARMBluetoothManager.m */ = {isa = PBXFileReference; fileEncoding = 4; lastKnownFileType = sourcecode.c.objc; path = ARMBluetoothManager.m; sourceTree = "<group>"; };
		A5C5BA6418C4E99B00435B10 /* LOGO.png */ = {isa = PBXFileReference; lastKnownFileType = image.png; path = LOGO.png; sourceTree = "<group>"; };
		A5C5BA6518C4E99B00435B10 /* Notes.txt */ = {isa = PBXFileReference; fileEncoding = 4; lastKnownFileType = text; path = Notes.txt; sourceTree = "<group>"; };
		A5C5BA6618C4E99B00435B10 /* TestAppDelegate.h */ = {isa = PBXFileReference; fileEncoding = 4; lastKnownFileType = sourcecode.c.h; path = TestAppDelegate.h; sourceTree = "<group>"; };
		A5C5BA6718C4E99B00435B10 /* TestAppDelegate.m */ = {isa = PBXFileReference; fileEncoding = 4; lastKnownFileType = sourcecode.c.objc; path = TestAppDelegate.m; sourceTree = "<group>"; };
		A5F15B0718D3772F00271DD2 /* ARMGameSession.h */ = {isa = PBXFileReference; fileEncoding = 4; lastKnownFileType = sourcecode.c.h; path = ARMGameSession.h; sourceTree = "<group>"; };
		A5F15B0818D3772F00271DD2 /* ARMGameSession.m */ = {isa = PBXFileReference; fileEncoding = 4; lastKnownFileType = sourcecode.c.objc; path = ARMGameSession.m; sourceTree = "<group>"; };
/* End PBXFileReference section */

/* Begin PBXFrameworksBuildPhase section */
		A5C5BA1B18C4E8E000435B10 /* Frameworks */ = {
			isa = PBXFrameworksBuildPhase;
			buildActionMask = 2147483647;
			files = (
				A5C5BA2418C4E8E000435B10 /* CoreGraphics.framework in Frameworks */,
				A5C5BA2618C4E8E000435B10 /* UIKit.framework in Frameworks */,
				A5C5BA2218C4E8E000435B10 /* Foundation.framework in Frameworks */,
			);
			runOnlyForDeploymentPostprocessing = 0;
		};
		A5C5BA3618C4E8E000435B10 /* Frameworks */ = {
			isa = PBXFrameworksBuildPhase;
			buildActionMask = 2147483647;
			files = (
				A5C5BA3B18C4E8E000435B10 /* XCTest.framework in Frameworks */,
				A5C5BA3D18C4E8E000435B10 /* UIKit.framework in Frameworks */,
				A5C5BA3C18C4E8E000435B10 /* Foundation.framework in Frameworks */,
			);
			runOnlyForDeploymentPostprocessing = 0;
		};
/* End PBXFrameworksBuildPhase section */

/* Begin PBXGroup section */
		A59F852D18C7E221005EE662 /* images */ = {
			isa = PBXGroup;
			children = (
				A59F852E18C7E221005EE662 /* face.png */,
				A59F852F18C7E221005EE662 /* face2.png */,
				A59F853018C7E221005EE662 /* face3.png */,
				A59F853118C7E221005EE662 /* face4.png */,
				A59F853218C7E221005EE662 /* LOGO.png */,
			);
			name = images;
			path = ARMonopolyNativeCodeBase/images;
			sourceTree = "<group>";
		};
		A5BA84F318D7FEBE00F19C76 /* Network */ = {
			isa = PBXGroup;
			children = (
				A52F6FAB18D1489500799EA4 /* ARMNetworkPlayer.h */,
				A52F6FAC18D1489500799EA4 /* ARMNetworkPlayer.m */,
				A503B22818D211BB000D7595 /* ARMGameServerCommunicator.h */,
				A503B22918D211BB000D7595 /* ARMGameServerCommunicator.m */,
				A5F15B0718D3772F00271DD2 /* ARMGameSession.h */,
				A5F15B0818D3772F00271DD2 /* ARMGameSession.m */,
				A54E40B718D64B5D00D343C2 /* ARMException.h */,
				A54E40B818D64B5D00D343C2 /* ARMException.m */,
			);
			name = Network;
			sourceTree = "<group>";
		};
		A5C5BA1518C4E8E000435B10 = {
			isa = PBXGroup;
			children = (
				A59F852D18C7E221005EE662 /* images */,
				A5C5BA2718C4E8E000435B10 /* ARMonopolyNativeCodeBase */,
				A5C5BA4018C4E8E000435B10 /* ARMonopolyNativeCodeBaseTests */,
				A5C5BA2018C4E8E000435B10 /* Frameworks */,
				A5C5BA1F18C4E8E000435B10 /* Products */,
			);
			sourceTree = "<group>";
		};
		A5C5BA1F18C4E8E000435B10 /* Products */ = {
			isa = PBXGroup;
			children = (
				A5C5BA1E18C4E8E000435B10 /* ARMonopolyNativeCodeBase.app */,
				A5C5BA3918C4E8E000435B10 /* ARMonopolyNativeCodeBaseTests.xctest */,
			);
			name = Products;
			sourceTree = "<group>";
		};
		A5C5BA2018C4E8E000435B10 /* Frameworks */ = {
			isa = PBXGroup;
			children = (
				A5C5BA2118C4E8E000435B10 /* Foundation.framework */,
				A5C5BA2318C4E8E000435B10 /* CoreGraphics.framework */,
				A5C5BA2518C4E8E000435B10 /* UIKit.framework */,
				A5C5BA3A18C4E8E000435B10 /* XCTest.framework */,
			);
			name = Frameworks;
			sourceTree = "<group>";
		};
		A5C5BA2718C4E8E000435B10 /* ARMonopolyNativeCodeBase */ = {
			isa = PBXGroup;
			children = (
				A5F88A1218CE816600D8E263 /* iPad */,
				A5C5BA5E18C4E99B00435B10 /* Base.lproj */,
				A5C5BA6118C4E99B00435B10 /* installPlugin.sh */,
				A5C5BA6418C4E99B00435B10 /* LOGO.png */,
				A5C5BA6518C4E99B00435B10 /* Notes.txt */,
				A5C5BA7818C4E9D000435B10 /* Classes */,
				A5C5BA3318C4E8E000435B10 /* Images.xcassets */,
				A5C5BA2818C4E8E000435B10 /* Supporting Files */,
			);
			path = ARMonopolyNativeCodeBase;
			sourceTree = "<group>";
		};
		A5C5BA2818C4E8E000435B10 /* Supporting Files */ = {
			isa = PBXGroup;
			children = (
				A5C5BA2918C4E8E000435B10 /* ARMonopolyNativeCodeBase-Info.plist */,
				A5C5BA2A18C4E8E000435B10 /* InfoPlist.strings */,
				A5C5BA2D18C4E8E000435B10 /* main.m */,
				A5C5BA2F18C4E8E000435B10 /* ARMonopolyNativeCodeBase-Prefix.pch */,
			);
			name = "Supporting Files";
			sourceTree = "<group>";
		};
		A5C5BA4018C4E8E000435B10 /* ARMonopolyNativeCodeBaseTests */ = {
			isa = PBXGroup;
			children = (
				A5C5BA4618C4E8E000435B10 /* ARMonopolyNativeCodeBaseTests.m */,
				A5C5BA4118C4E8E000435B10 /* Supporting Files */,
			);
			path = ARMonopolyNativeCodeBaseTests;
			sourceTree = "<group>";
		};
		A5C5BA4118C4E8E000435B10 /* Supporting Files */ = {
			isa = PBXGroup;
			children = (
				A5C5BA4218C4E8E000435B10 /* ARMonopolyNativeCodeBaseTests-Info.plist */,
				A5C5BA4318C4E8E000435B10 /* InfoPlist.strings */,
			);
			name = "Supporting Files";
			sourceTree = "<group>";
		};
		A5C5BA5E18C4E99B00435B10 /* Base.lproj */ = {
			isa = PBXGroup;
			children = (
				A5C5BA5F18C4E99B00435B10 /* Main.storyboard */,
			);
			path = Base.lproj;
			sourceTree = "<group>";
		};
		A5C5BA7818C4E9D000435B10 /* Classes */ = {
			isa = PBXGroup;
			children = (
				A5C5BA5A18C4E99B00435B10 /* ARMPlayViewController.h */,
				A5C5BA5B18C4E99B00435B10 /* ARMPlayViewController.m */,
				A5C5BA6618C4E99B00435B10 /* TestAppDelegate.h */,
				A5C5BA6718C4E99B00435B10 /* TestAppDelegate.m */,
				A5C5BA7918C4EA1500435B10 /* DeployOnly */,
				A5C5BA7A18C4EA3300435B10 /* Settings */,
				A5C5BA7B18C4EA3D00435B10 /* Model */,
			);
			name = Classes;
			sourceTree = "<group>";
		};
		A5C5BA7918C4EA1500435B10 /* DeployOnly */ = {
			isa = PBXGroup;
			children = (
				A5C5BA5018C4E99B00435B10 /* ARMAppController.h */,
				A5C5BA5118C4E99B00435B10 /* ARMAppController.m */,
			);
			name = DeployOnly;
			sourceTree = "<group>";
		};
		A5C5BA7A18C4EA3300435B10 /* Settings */ = {
			isa = PBXGroup;
			children = (
				A5C5BA5218C4E99B00435B10 /* ARMBluetoothViewController.h */,
				A5C5BA5318C4E99B00435B10 /* ARMBluetoothViewController.m */,
				A5C5BA5418C4E99B00435B10 /* ARMEditProfileViewController.h */,
				A5C5BA5518C4E99B00435B10 /* ARMEditProfileViewController.m */,
				A5C5BA5618C4E99B00435B10 /* ARMNetworkViewController.h */,
				A5C5BA5718C4E99B00435B10 /* ARMNetworkViewController.m */,
				A5C5BA5C18C4E99B00435B10 /* ARMSettingsViewController.h */,
				A5C5BA5D18C4E99B00435B10 /* ARMSettingsViewController.m */,
			);
			name = Settings;
			sourceTree = "<group>";
		};
		A5C5BA7B18C4EA3D00435B10 /* Model */ = {
			isa = PBXGroup;
			children = (
				A5C5BA6218C4E99B00435B10 /* ARMBluetoothManager.h */,
				A5C5BA6318C4E99B00435B10 /* ARMBluetoothManager.m */,
				A5C5BA5818C4E99B00435B10 /* ARMPlayerInfo.h */,
				A5C5BA5918C4E99B00435B10 /* ARMPlayerInfo.m */,
				A5BA84F318D7FEBE00F19C76 /* Network */,
			);
			name = Model;
			sourceTree = "<group>";
		};
		A5F88A1218CE816600D8E263 /* iPad */ = {
			isa = PBXGroup;
			children = (
			);
			name = iPad;
			sourceTree = "<group>";
		};
/* End PBXGroup section */

/* Begin PBXNativeTarget section */
		A5C5BA1D18C4E8E000435B10 /* ARMonopolyNativeCodeBase */ = {
			isa = PBXNativeTarget;
			buildConfigurationList = A5C5BA4A18C4E8E000435B10 /* Build configuration list for PBXNativeTarget "ARMonopolyNativeCodeBase" */;
			buildPhases = (
				A5C5BA1A18C4E8E000435B10 /* Sources */,
				A5C5BA1B18C4E8E000435B10 /* Frameworks */,
				A5C5BA1C18C4E8E000435B10 /* Resources */,
				A533D7C618C7E90100EB42A8 /* CopyFiles */,
			);
			buildRules = (
			);
			dependencies = (
			);
			name = ARMonopolyNativeCodeBase;
			productName = ARMonopolyNativeCodeBase;
			productReference = A5C5BA1E18C4E8E000435B10 /* ARMonopolyNativeCodeBase.app */;
			productType = "com.apple.product-type.application";
		};
		A5C5BA3818C4E8E000435B10 /* ARMonopolyNativeCodeBaseTests */ = {
			isa = PBXNativeTarget;
			buildConfigurationList = A5C5BA4D18C4E8E000435B10 /* Build configuration list for PBXNativeTarget "ARMonopolyNativeCodeBaseTests" */;
			buildPhases = (
				A5C5BA3518C4E8E000435B10 /* Sources */,
				A5C5BA3618C4E8E000435B10 /* Frameworks */,
				A5C5BA3718C4E8E000435B10 /* Resources */,
			);
			buildRules = (
			);
			dependencies = (
				A5C5BA3F18C4E8E000435B10 /* PBXTargetDependency */,
			);
			name = ARMonopolyNativeCodeBaseTests;
			productName = ARMonopolyNativeCodeBaseTests;
			productReference = A5C5BA3918C4E8E000435B10 /* ARMonopolyNativeCodeBaseTests.xctest */;
			productType = "com.apple.product-type.bundle.unit-test";
		};
/* End PBXNativeTarget section */

/* Begin PBXProject section */
		A5C5BA1618C4E8E000435B10 /* Project object */ = {
			isa = PBXProject;
			attributes = {
				CLASSPREFIX = ARM;
				LastUpgradeCheck = 0500;
				ORGANIZATIONNAME = "Sam Howes";
				TargetAttributes = {
					A5C5BA1D18C4E8E000435B10 = {
						DevelopmentTeam = RP7Z4RE8LZ;
					};
					A5C5BA3818C4E8E000435B10 = {
						TestTargetID = A5C5BA1D18C4E8E000435B10;
					};
				};
			};
			buildConfigurationList = A5C5BA1918C4E8E000435B10 /* Build configuration list for PBXProject "ARMonopolyNativeCodeBase" */;
			compatibilityVersion = "Xcode 3.2";
			developmentRegion = English;
			hasScannedForEncodings = 0;
			knownRegions = (
				en,
				Base,
			);
			mainGroup = A5C5BA1518C4E8E000435B10;
			productRefGroup = A5C5BA1F18C4E8E000435B10 /* Products */;
			projectDirPath = "";
			projectRoot = "";
			targets = (
				A5C5BA1D18C4E8E000435B10 /* ARMonopolyNativeCodeBase */,
				A5C5BA3818C4E8E000435B10 /* ARMonopolyNativeCodeBaseTests */,
			);
		};
/* End PBXProject section */

/* Begin PBXResourcesBuildPhase section */
		A5C5BA1C18C4E8E000435B10 /* Resources */ = {
			isa = PBXResourcesBuildPhase;
			buildActionMask = 2147483647;
			files = (
				A5C5BA7118C4E99B00435B10 /* Main.storyboard in Resources */,
				A5C5BA2C18C4E8E000435B10 /* InfoPlist.strings in Resources */,
				A5C5BA7418C4E99B00435B10 /* LOGO.png in Resources */,
				A59F853518C7E221005EE662 /* face3.png in Resources */,
				A5C5BA3418C4E8E000435B10 /* Images.xcassets in Resources */,
				A5C5BA7518C4E99B00435B10 /* Notes.txt in Resources */,
				A59F853418C7E221005EE662 /* face2.png in Resources */,
				A59F853618C7E221005EE662 /* face4.png in Resources */,
				A59F853718C7E221005EE662 /* LOGO.png in Resources */,
				A5C5BA7218C4E99B00435B10 /* installPlugin.sh in Resources */,
				A59F853318C7E221005EE662 /* face.png in Resources */,
			);
			runOnlyForDeploymentPostprocessing = 0;
		};
		A5C5BA3718C4E8E000435B10 /* Resources */ = {
			isa = PBXResourcesBuildPhase;
			buildActionMask = 2147483647;
			files = (
				A5C5BA4518C4E8E000435B10 /* InfoPlist.strings in Resources */,
			);
			runOnlyForDeploymentPostprocessing = 0;
		};
/* End PBXResourcesBuildPhase section */

/* Begin PBXSourcesBuildPhase section */
		A5C5BA1A18C4E8E000435B10 /* Sources */ = {
			isa = PBXSourcesBuildPhase;
			buildActionMask = 2147483647;
			files = (
				A5C5BA2E18C4E8E000435B10 /* main.m in Sources */,
				A5F15B0918D3772F00271DD2 /* ARMGameSession.m in Sources */,
				A54E40B918D64B5D00D343C2 /* ARMException.m in Sources */,
				A5C5BA6B18C4E99B00435B10 /* ARMBluetoothViewController.m in Sources */,
				A503B22A18D211BC000D7595 /* ARMGameServerCommunicator.m in Sources */,
				A52F6FAD18D1489500799EA4 /* ARMNetworkPlayer.m in Sources */,
				A5C5BA7318C4E99B00435B10 /* ARMBluetoothManager.m in Sources */,
				A5C5BA6E18C4E99B00435B10 /* ARMPlayerInfo.m in Sources */,
				A5C5BA6D18C4E99B00435B10 /* ARMNetworkViewController.m in Sources */,
				A5C5BA7018C4E99B00435B10 /* ARMSettingsViewController.m in Sources */,
				A5690A2418C514AF0090B5CA /* ARMPlayViewController.m in Sources */,
				A5C5BA7618C4E99B00435B10 /* TestAppDelegate.m in Sources */,
				A5C5BA6C18C4E99B00435B10 /* ARMEditProfileViewController.m in Sources */,
			);
			runOnlyForDeploymentPostprocessing = 0;
		};
		A5C5BA3518C4E8E000435B10 /* Sources */ = {
			isa = PBXSourcesBuildPhase;
			buildActionMask = 2147483647;
			files = (
				A5C5BA4718C4E8E000435B10 /* ARMonopolyNativeCodeBaseTests.m in Sources */,
			);
			runOnlyForDeploymentPostprocessing = 0;
		};
/* End PBXSourcesBuildPhase section */

/* Begin PBXTargetDependency section */
		A5C5BA3F18C4E8E000435B10 /* PBXTargetDependency */ = {
			isa = PBXTargetDependency;
			target = A5C5BA1D18C4E8E000435B10 /* ARMonopolyNativeCodeBase */;
			targetProxy = A5C5BA3E18C4E8E000435B10 /* PBXContainerItemProxy */;
		};
/* End PBXTargetDependency section */

/* Begin PBXVariantGroup section */
		A5C5BA2A18C4E8E000435B10 /* InfoPlist.strings */ = {
			isa = PBXVariantGroup;
			children = (
				A5C5BA2B18C4E8E000435B10 /* en */,
			);
			name = InfoPlist.strings;
			sourceTree = "<group>";
		};
		A5C5BA4318C4E8E000435B10 /* InfoPlist.strings */ = {
			isa = PBXVariantGroup;
			children = (
				A5C5BA4418C4E8E000435B10 /* en */,
			);
			name = InfoPlist.strings;
			sourceTree = "<group>";
		};
		A5C5BA5F18C4E99B00435B10 /* Main.storyboard */ = {
			isa = PBXVariantGroup;
			children = (
				A5C5BA6018C4E99B00435B10 /* Base */,
			);
			name = Main.storyboard;
			sourceTree = "<group>";
		};
/* End PBXVariantGroup section */

/* Begin XCBuildConfiguration section */
		A5C5BA4818C4E8E000435B10 /* Debug */ = {
			isa = XCBuildConfiguration;
			buildSettings = {
				ALWAYS_SEARCH_USER_PATHS = NO;
				ARCHS = "$(ARCHS_STANDARD_INCLUDING_64_BIT)";
				CLANG_CXX_LANGUAGE_STANDARD = "gnu++0x";
				CLANG_CXX_LIBRARY = "libc++";
				CLANG_ENABLE_MODULES = YES;
				CLANG_ENABLE_OBJC_ARC = YES;
				CLANG_WARN_BOOL_CONVERSION = YES;
				CLANG_WARN_CONSTANT_CONVERSION = YES;
				CLANG_WARN_DIRECT_OBJC_ISA_USAGE = YES_ERROR;
				CLANG_WARN_EMPTY_BODY = YES;
				CLANG_WARN_ENUM_CONVERSION = YES;
				CLANG_WARN_INT_CONVERSION = YES;
				CLANG_WARN_OBJC_ROOT_CLASS = YES_ERROR;
				CLANG_WARN__DUPLICATE_METHOD_MATCH = YES;
				"CODE_SIGN_IDENTITY[sdk=iphoneos*]" = "iPhone Developer";
				COPY_PHASE_STRIP = NO;
				GCC_C_LANGUAGE_STANDARD = gnu99;
				GCC_DYNAMIC_NO_PIC = NO;
				GCC_OPTIMIZATION_LEVEL = 0;
				GCC_PREPROCESSOR_DEFINITIONS = (
					"DEBUG=1",
					"$(inherited)",
				);
				GCC_SYMBOLS_PRIVATE_EXTERN = NO;
				GCC_WARN_64_TO_32_BIT_CONVERSION = YES;
				GCC_WARN_ABOUT_RETURN_TYPE = YES_ERROR;
				GCC_WARN_UNDECLARED_SELECTOR = YES;
				GCC_WARN_UNINITIALIZED_AUTOS = YES;
				GCC_WARN_UNUSED_FUNCTION = YES;
				GCC_WARN_UNUSED_VARIABLE = YES;
				IPHONEOS_DEPLOYMENT_TARGET = 7.0;
				ONLY_ACTIVE_ARCH = YES;
				SDKROOT = iphoneos;
			};
			name = Debug;
		};
		A5C5BA4918C4E8E000435B10 /* Release */ = {
			isa = XCBuildConfiguration;
			buildSettings = {
				ALWAYS_SEARCH_USER_PATHS = NO;
				ARCHS = "$(ARCHS_STANDARD_INCLUDING_64_BIT)";
				CLANG_CXX_LANGUAGE_STANDARD = "gnu++0x";
				CLANG_CXX_LIBRARY = "libc++";
				CLANG_ENABLE_MODULES = YES;
				CLANG_ENABLE_OBJC_ARC = YES;
				CLANG_WARN_BOOL_CONVERSION = YES;
				CLANG_WARN_CONSTANT_CONVERSION = YES;
				CLANG_WARN_DIRECT_OBJC_ISA_USAGE = YES_ERROR;
				CLANG_WARN_EMPTY_BODY = YES;
				CLANG_WARN_ENUM_CONVERSION = YES;
				CLANG_WARN_INT_CONVERSION = YES;
				CLANG_WARN_OBJC_ROOT_CLASS = YES_ERROR;
				CLANG_WARN__DUPLICATE_METHOD_MATCH = YES;
				"CODE_SIGN_IDENTITY[sdk=iphoneos*]" = "iPhone Developer";
				COPY_PHASE_STRIP = YES;
				ENABLE_NS_ASSERTIONS = NO;
				GCC_C_LANGUAGE_STANDARD = gnu99;
				GCC_WARN_64_TO_32_BIT_CONVERSION = YES;
				GCC_WARN_ABOUT_RETURN_TYPE = YES_ERROR;
				GCC_WARN_UNDECLARED_SELECTOR = YES;
				GCC_WARN_UNINITIALIZED_AUTOS = YES;
				GCC_WARN_UNUSED_FUNCTION = YES;
				GCC_WARN_UNUSED_VARIABLE = YES;
				IPHONEOS_DEPLOYMENT_TARGET = 7.0;
				SDKROOT = iphoneos;
				VALIDATE_PRODUCT = YES;
			};
			name = Release;
		};
		A5C5BA4B18C4E8E000435B10 /* Debug */ = {
			isa = XCBuildConfiguration;
			buildSettings = {
				ASSETCATALOG_COMPILER_APPICON_NAME = AppIcon;
				ASSETCATALOG_COMPILER_LAUNCHIMAGE_NAME = LaunchImage;
				CODE_SIGN_IDENTITY = "iPhone Developer";
				GCC_PRECOMPILE_PREFIX_HEADER = YES;
				GCC_PREFIX_HEADER = "ARMonopolyNativeCodeBase/ARMonopolyNativeCodeBase-Prefix.pch";
				INFOPLIST_FILE = "ARMonopolyNativeCodeBase/ARMonopolyNativeCodeBase-Info.plist";
				IPHONEOS_DEPLOYMENT_TARGET = 7.0;
				PRODUCT_NAME = "$(TARGET_NAME)";
				TARGETED_DEVICE_FAMILY = "1,2";
				WRAPPER_EXTENSION = app;
			};
			name = Debug;
		};
		A5C5BA4C18C4E8E000435B10 /* Release */ = {
			isa = XCBuildConfiguration;
			buildSettings = {
				ASSETCATALOG_COMPILER_APPICON_NAME = AppIcon;
				ASSETCATALOG_COMPILER_LAUNCHIMAGE_NAME = LaunchImage;
				CODE_SIGN_IDENTITY = "iPhone Developer";
				GCC_PRECOMPILE_PREFIX_HEADER = YES;
				GCC_PREFIX_HEADER = "ARMonopolyNativeCodeBase/ARMonopolyNativeCodeBase-Prefix.pch";
				INFOPLIST_FILE = "ARMonopolyNativeCodeBase/ARMonopolyNativeCodeBase-Info.plist";
				IPHONEOS_DEPLOYMENT_TARGET = 7.0;
				PRODUCT_NAME = "$(TARGET_NAME)";
				TARGETED_DEVICE_FAMILY = "1,2";
				WRAPPER_EXTENSION = app;
			};
			name = Release;
		};
		A5C5BA4E18C4E8E000435B10 /* Debug */ = {
			isa = XCBuildConfiguration;
			buildSettings = {
				ARCHS = "$(ARCHS_STANDARD_INCLUDING_64_BIT)";
				BUNDLE_LOADER = "$(BUILT_PRODUCTS_DIR)/ARMonopolyNativeCodeBase.app/ARMonopolyNativeCodeBase";
				FRAMEWORK_SEARCH_PATHS = (
					"$(SDKROOT)/Developer/Library/Frameworks",
					"$(inherited)",
					"$(DEVELOPER_FRAMEWORKS_DIR)",
				);
				GCC_PRECOMPILE_PREFIX_HEADER = YES;
				GCC_PREFIX_HEADER = "ARMonopolyNativeCodeBase/ARMonopolyNativeCodeBase-Prefix.pch";
				GCC_PREPROCESSOR_DEFINITIONS = (
					"DEBUG=1",
					"$(inherited)",
				);
				INFOPLIST_FILE = "ARMonopolyNativeCodeBaseTests/ARMonopolyNativeCodeBaseTests-Info.plist";
				PRODUCT_NAME = "$(TARGET_NAME)";
				TEST_HOST = "$(BUNDLE_LOADER)";
				WRAPPER_EXTENSION = xctest;
			};
			name = Debug;
		};
		A5C5BA4F18C4E8E000435B10 /* Release */ = {
			isa = XCBuildConfiguration;
			buildSettings = {
				ARCHS = "$(ARCHS_STANDARD_INCLUDING_64_BIT)";
				BUNDLE_LOADER = "$(BUILT_PRODUCTS_DIR)/ARMonopolyNativeCodeBase.app/ARMonopolyNativeCodeBase";
				FRAMEWORK_SEARCH_PATHS = (
					"$(SDKROOT)/Developer/Library/Frameworks",
					"$(inherited)",
					"$(DEVELOPER_FRAMEWORKS_DIR)",
				);
				GCC_PRECOMPILE_PREFIX_HEADER = YES;
				GCC_PREFIX_HEADER = "ARMonopolyNativeCodeBase/ARMonopolyNativeCodeBase-Prefix.pch";
				INFOPLIST_FILE = "ARMonopolyNativeCodeBaseTests/ARMonopolyNativeCodeBaseTests-Info.plist";
				PRODUCT_NAME = "$(TARGET_NAME)";
				TEST_HOST = "$(BUNDLE_LOADER)";
				WRAPPER_EXTENSION = xctest;
			};
			name = Release;
		};
/* End XCBuildConfiguration section */

/* Begin XCConfigurationList section */
		A5C5BA1918C4E8E000435B10 /* Build configuration list for PBXProject "ARMonopolyNativeCodeBase" */ = {
			isa = XCConfigurationList;
			buildConfigurations = (
				A5C5BA4818C4E8E000435B10 /* Debug */,
				A5C5BA4918C4E8E000435B10 /* Release */,
			);
			defaultConfigurationIsVisible = 0;
			defaultConfigurationName = Release;
		};
		A5C5BA4A18C4E8E000435B10 /* Build configuration list for PBXNativeTarget "ARMonopolyNativeCodeBase" */ = {
			isa = XCConfigurationList;
			buildConfigurations = (
				A5C5BA4B18C4E8E000435B10 /* Debug */,
				A5C5BA4C18C4E8E000435B10 /* Release */,
			);
			defaultConfigurationIsVisible = 0;
			defaultConfigurationName = Release;
		};
		A5C5BA4D18C4E8E000435B10 /* Build configuration list for PBXNativeTarget "ARMonopolyNativeCodeBaseTests" */ = {
			isa = XCConfigurationList;
			buildConfigurations = (
				A5C5BA4E18C4E8E000435B10 /* Debug */,
				A5C5BA4F18C4E8E000435B10 /* Release */,
			);
			defaultConfigurationIsVisible = 0;
			defaultConfigurationName = Release;
		};
/* End XCConfigurationList section */
	};
	rootObject = A5C5BA1618C4E8E000435B10 /* Project object */;
}
